
Microsoft Visual Studio Solution File, Format Version 12.00
# Visual Studio Version 17
VisualStudioVersion = 17.11.35312.102
MinimumVisualStudioVersion = 10.0.40219.1
Project("{FAE04EC0-301F-11D3-BF4B-00C04F79EFBC}") = "Lab1_Ex2_Computer_Graphics", "Lab1_Ex2_Computer_Graphics\Lab1_Ex2_Computer_Graphics.csproj", "{FF2067C4-152D-4C19-B1A9-1EAA2C05CBC9}"
EndProject
Global
	GlobalSection(SolutionConfigurationPlatforms) = preSolution
		Debug|Any CPU = Debug|Any CPU
		Release|Any CPU = Release|Any CPU
	EndGlobalSection
	GlobalSection(ProjectConfigurationPlatforms) = postSolution
		{FF2067C4-152D-4C19-B1A9-1EAA2C05CBC9}.Debug|Any CPU.ActiveCfg = Debug|Any CPU
		{FF2067C4-152D-4C19-B1A9-1EAA2C05CBC9}.Debug|Any CPU.Build.0 = Debug|Any CPU
		{FF2067C4-152D-4C19-B1A9-1EAA2C05CBC9}.Release|Any CPU.ActiveCfg = Release|Any CPU
		{FF2067C4-152D-4C19-B1A9-1EAA2C05CBC9}.Release|Any CPU.Build.0 = Release|Any CPU
	EndGlobalSection
	GlobalSection(SolutionProperties) = preSolution
		HideSolutionNode = FALSE
	EndGlobalSection
	GlobalSection(ExtensibilityGlobals) = postSolution
		SolutionGuid = {6A42AC3E-D640-49FF-98D7-B64F17CA7A82}
	EndGlobalSection
EndGlobal
