
Microsoft Visual Studio Solution File, Format Version 12.00
# Visual Studio Version 17
VisualStudioVersion = 17.11.35312.102
MinimumVisualStudioVersion = 10.0.40219.1
Project("{FAE04EC0-301F-11D3-BF4B-00C04F79EFBC}") = "Individual_Task", "Individual_Task\Individual_Task.csproj", "{4BC1A039-AE24-4E17-92DB-2A5D229AA621}"
EndProject
Global
	GlobalSection(SolutionConfigurationPlatforms) = preSolution
		Debug|Any CPU = Debug|Any CPU
		Release|Any CPU = Release|Any CPU
	EndGlobalSection
	GlobalSection(ProjectConfigurationPlatforms) = postSolution
		{4BC1A039-AE24-4E17-92DB-2A5D229AA621}.Debug|Any CPU.ActiveCfg = Debug|Any CPU
		{4BC1A039-AE24-4E17-92DB-2A5D229AA621}.Debug|Any CPU.Build.0 = Debug|Any CPU
		{4BC1A039-AE24-4E17-92DB-2A5D229AA621}.Release|Any CPU.ActiveCfg = Release|Any CPU
		{4BC1A039-AE24-4E17-92DB-2A5D229AA621}.Release|Any CPU.Build.0 = Release|Any CPU
	EndGlobalSection
	GlobalSection(SolutionProperties) = preSolution
		HideSolutionNode = FALSE
	EndGlobalSection
	GlobalSection(ExtensibilityGlobals) = postSolution
		SolutionGuid = {8F6C9E44-4134-4840-8D18-3B148FD2FBE7}
	EndGlobalSection
EndGlobal
